
Microsoft Visual Studio Solution File, Format Version 12.00
# Visual Studio Version 17
VisualStudioVersion = 17.10.34928.147
MinimumVisualStudioVersion = 10.0.40219.1
Project("{FAE04EC0-301F-11D3-BF4B-00C04F79EFBC}") = "WebapiTodo", "WebapiTodo\WebapiTodo.csproj", "{94D6A172-64F2-4CCA-B9D8-52E57CCBD105}"
EndProject
Global
	GlobalSection(SolutionConfigurationPlatforms) = preSolution
		Debug|Any CPU = Debug|Any CPU
		Release|Any CPU = Release|Any CPU
	EndGlobalSection
	GlobalSection(ProjectConfigurationPlatforms) = postSolution
		{94D6A172-64F2-4CCA-B9D8-52E57CCBD105}.Debug|Any CPU.ActiveCfg = Debug|Any CPU
		{94D6A172-64F2-4CCA-B9D8-52E57CCBD105}.Debug|Any CPU.Build.0 = Debug|Any CPU
		{94D6A172-64F2-4CCA-B9D8-52E57CCBD105}.Release|Any CPU.ActiveCfg = Release|Any CPU
		{94D6A172-64F2-4CCA-B9D8-52E57CCBD105}.Release|Any CPU.Build.0 = Release|Any CPU
	EndGlobalSection
	GlobalSection(SolutionProperties) = preSolution
		HideSolutionNode = FALSE
	EndGlobalSection
	GlobalSection(ExtensibilityGlobals) = postSolution
		SolutionGuid = {81066331-1A1F-43DD-9633-D202EAC6D29F}
	EndGlobalSection
EndGlobal
